
Microsoft Visual Studio Solution File, Format Version 12.00
# Visual Studio Version 16
VisualStudioVersion = 16.0.30717.126
MinimumVisualStudioVersion = 10.0.40219.1
Project("{FAE04EC0-301F-11D3-BF4B-00C04F79EFBC}") = "KPOP.Core", "KPOP.Core\KPOP.Core.csproj", "{647B1869-D672-442C-A6EC-78645FE3667A}"
EndProject
Global
	GlobalSection(SolutionConfigurationPlatforms) = preSolution
		Debug|Any CPU = Debug|Any CPU
		Release|Any CPU = Release|Any CPU
	EndGlobalSection
	GlobalSection(ProjectConfigurationPlatforms) = postSolution
		{647B1869-D672-442C-A6EC-78645FE3667A}.Debug|Any CPU.ActiveCfg = Debug|Any CPU
		{647B1869-D672-442C-A6EC-78645FE3667A}.Debug|Any CPU.Build.0 = Debug|Any CPU
		{647B1869-D672-442C-A6EC-78645FE3667A}.Release|Any CPU.ActiveCfg = Release|Any CPU
		{647B1869-D672-442C-A6EC-78645FE3667A}.Release|Any CPU.Build.0 = Release|Any CPU
	EndGlobalSection
	GlobalSection(SolutionProperties) = preSolution
		HideSolutionNode = FALSE
	EndGlobalSection
	GlobalSection(ExtensibilityGlobals) = postSolution
		SolutionGuid = {4FDC1760-864B-43B1-84D2-2041A1B96EA1}
	EndGlobalSection
EndGlobal
